
Microsoft Visual Studio Solution File, Format Version 12.00
# Visual Studio Version 16
VisualStudioVersion = 16.0.28803.156
MinimumVisualStudioVersion = 10.0.40219.1
Project("{FAE04EC0-301F-11D3-BF4B-00C04F79EFBC}") = "visionering og dokumentationsopgave", "visionering og dokumentationsopgave\visionering og dokumentationsopgave.csproj", "{9EA538D4-0FEC-41F8-BD47-1CB4635C9DCA}"
EndProject
Global
	GlobalSection(SolutionConfigurationPlatforms) = preSolution
		Debug|Any CPU = Debug|Any CPU
		Release|Any CPU = Release|Any CPU
	EndGlobalSection
	GlobalSection(ProjectConfigurationPlatforms) = postSolution
		{9EA538D4-0FEC-41F8-BD47-1CB4635C9DCA}.Debug|Any CPU.ActiveCfg = Debug|Any CPU
		{9EA538D4-0FEC-41F8-BD47-1CB4635C9DCA}.Debug|Any CPU.Build.0 = Debug|Any CPU
		{9EA538D4-0FEC-41F8-BD47-1CB4635C9DCA}.Release|Any CPU.ActiveCfg = Release|Any CPU
		{9EA538D4-0FEC-41F8-BD47-1CB4635C9DCA}.Release|Any CPU.Build.0 = Release|Any CPU
	EndGlobalSection
	GlobalSection(SolutionProperties) = preSolution
		HideSolutionNode = FALSE
	EndGlobalSection
	GlobalSection(ExtensibilityGlobals) = postSolution
		SolutionGuid = {2F5A1886-E1E4-42F3-AACB-7C43C9AD396A}
	EndGlobalSection
EndGlobal
